{
  "name": "crypto-loader",
  "version": "1.0.0",
  "lockfileVersion": 1,
  "requires": true,
  "dependencies": {
    "axios": {
      "version": "0.21.4",
      "resolved": "https://registry.npmjs.org/axios/-/axios-0.21.4.tgz",
      "integrity": "sha512-ut5vewkiu8jjGBdqpM44XxjuCjq9LAKeHVmoVfHVzy8eHgxxq8SbAVQNovDA8mVi05kP0Ea/n/UzcSHcTJQfNg==",
      "requires": {
        "follow-redirects": "^1.14.0"
      }
    },
    "crypto-price-getter": {
      "version": "1.0.2",
      "resolved": "https://registry.npmjs.org/crypto-price-getter/-/crypto-price-getter-1.0.2.tgz",
      "integrity": "sha512-FP72SjGNAV6B3+lk0AZlmTsk1RRMuNYig4iPI07k20A/59Mx66ilfbsUrp3/U6X+1QAB7FQID7SguG/2f1BhAw==",
      "requires": {
        "axios": "^0.21.1"
      }
    },
    "follow-redirects": {
      "version": "1.14.5",
      "resolved": "https://registry.npmjs.org/follow-redirects/-/follow-redirects-1.14.5.tgz",
      "integrity": "sha512-wtphSXy7d4/OR+MvIFbCVBDzZ5520qV8XfPklSN5QtxuMUJZ+b0Wnst1e1lCDocfzuCkHqj8k0FpZqO+UIaKNA=="
    }
  }
}
